
Microsoft Visual Studio Solution File, Format Version 12.00
# Visual Studio Version 17
VisualStudioVersion = 17.4.33403.182
MinimumVisualStudioVersion = 10.0.40219.1
Project("{9A19103F-16F7-4668-BE54-9A1E7A4F7556}") = "BuberDinner.Api", "BuberDinner.Api\BuberDinner.Api.csproj", "{4F4D4E59-218C-47FC-B6CB-4D06F20CCDC1}"
EndProject
Project("{9A19103F-16F7-4668-BE54-9A1E7A4F7556}") = "BuberDinner.Contracts", "BuberDinner.Contracts\BuberDinner.Contracts.csproj", "{44F9553A-4FFA-4B63-970D-DFE56DD6AAFD}"
EndProject
Project("{9A19103F-16F7-4668-BE54-9A1E7A4F7556}") = "BuberDinner.Application", "BuberDinnr.Application\BuberDinner.Application.csproj", "{6680E00D-0E32-402F-9A40-B504C8CA72B8}"
EndProject
Project("{9A19103F-16F7-4668-BE54-9A1E7A4F7556}") = "BuberDinner.Domain", "BuberDinner.Domain\BuberDinner.Domain.csproj", "{AE6DA479-13B8-4FAF-BA84-80E4BF6C9E07}"
EndProject
Project("{9A19103F-16F7-4668-BE54-9A1E7A4F7556}") = "BuberDinner.Infrastructure", "BuberDinner.Infrastructure\BuberDinner.Infrastructure.csproj", "{A8BEB631-B38C-4312-88C0-287BEFAF09F1}"
EndProject
Project("{2150E333-8FDC-42A3-9474-1A3956D46DE8}") = "src", "src", "{8A0DD9D9-B78A-4996-92DE-395B2E6E27C8}"
EndProject
Project("{2150E333-8FDC-42A3-9474-1A3956D46DE8}") = "tests", "tests", "{E60CD521-620D-4B36-AC57-733AA29B8E6E}"
EndProject
Project("{2150E333-8FDC-42A3-9474-1A3956D46DE8}") = "UnitTests", "UnitTests", "{D87D4AD8-73F4-41F3-80AA-C3A171CE86E5}"
EndProject
Project("{2150E333-8FDC-42A3-9474-1A3956D46DE8}") = "FunctionalTests", "FunctionalTests", "{D743144D-5C62-410E-B945-B5A4D0E3417F}"
EndProject
Project("{2150E333-8FDC-42A3-9474-1A3956D46DE8}") = "EndToEndTests", "EndToEndTests", "{93969F95-FAED-4BEE-8710-6875250C1258}"
EndProject
Project("{2150E333-8FDC-42A3-9474-1A3956D46DE8}") = "AcceptanceTests", "AcceptanceTests", "{1F7F77E8-BDE9-4E62-B607-A97BB8BD4259}"
EndProject
Project("{2150E333-8FDC-42A3-9474-1A3956D46DE8}") = "IntegrationTests", "IntegrationTests", "{D324FDF9-75C3-4BB8-8E2E-8A6406098433}"
EndProject
Project("{FAE04EC0-301F-11D3-BF4B-00C04F79EFBC}") = "BuberDinner.Application.UnitTests", "BuberDinner.Application.UnitTests\BuberDinner.Application.UnitTests.csproj", "{31613691-CC03-453B-B337-4920F75982C5}"
EndProject
Project("{FAE04EC0-301F-11D3-BF4B-00C04F79EFBC}") = "BuberDinner.Api.UnitTests", "BuberDinner.Api.UnitTests\BuberDinner.Api.UnitTests.csproj", "{D8F33EAE-3976-4D88-8CCA-FAFBEEF3558D}"
EndProject
Project("{FAE04EC0-301F-11D3-BF4B-00C04F79EFBC}") = "BuberDinner.Domain.UnitTests", "BuberDinner.Domain.UnitTests\BuberDinner.Domain.UnitTests.csproj", "{C8720914-62DB-4503-8B89-0F797A108FB1}"
EndProject
Project("{FAE04EC0-301F-11D3-BF4B-00C04F79EFBC}") = "BuberDinner.Infrastructure.UnitTests", "BuberDinner.Infrastructure.UnitTests\BuberDinner.Infrastructure.UnitTests.csproj", "{B6FFC187-B39C-46A6-833C-3ED3750B5C49}"
EndProject
Project("{FAE04EC0-301F-11D3-BF4B-00C04F79EFBC}") = "ArchitectureTests", "ArchitectureTests\ArchitectureTests.csproj", "{16C7BF87-D9D3-47A9-94E3-0CAF43CF02CD}"
EndProject
Global
	GlobalSection(SolutionConfigurationPlatforms) = preSolution
		Debug|Any CPU = Debug|Any CPU
		Release|Any CPU = Release|Any CPU
	EndGlobalSection
	GlobalSection(ProjectConfigurationPlatforms) = postSolution
		{4F4D4E59-218C-47FC-B6CB-4D06F20CCDC1}.Debug|Any CPU.ActiveCfg = Debug|Any CPU
		{4F4D4E59-218C-47FC-B6CB-4D06F20CCDC1}.Debug|Any CPU.Build.0 = Debug|Any CPU
		{4F4D4E59-218C-47FC-B6CB-4D06F20CCDC1}.Release|Any CPU.ActiveCfg = Release|Any CPU
		{4F4D4E59-218C-47FC-B6CB-4D06F20CCDC1}.Release|Any CPU.Build.0 = Release|Any CPU
		{44F9553A-4FFA-4B63-970D-DFE56DD6AAFD}.Debug|Any CPU.ActiveCfg = Debug|Any CPU
		{44F9553A-4FFA-4B63-970D-DFE56DD6AAFD}.Debug|Any CPU.Build.0 = Debug|Any CPU
		{44F9553A-4FFA-4B63-970D-DFE56DD6AAFD}.Release|Any CPU.ActiveCfg = Release|Any CPU
		{44F9553A-4FFA-4B63-970D-DFE56DD6AAFD}.Release|Any CPU.Build.0 = Release|Any CPU
		{6680E00D-0E32-402F-9A40-B504C8CA72B8}.Debug|Any CPU.ActiveCfg = Debug|Any CPU
		{6680E00D-0E32-402F-9A40-B504C8CA72B8}.Debug|Any CPU.Build.0 = Debug|Any CPU
		{6680E00D-0E32-402F-9A40-B504C8CA72B8}.Release|Any CPU.ActiveCfg = Release|Any CPU
		{6680E00D-0E32-402F-9A40-B504C8CA72B8}.Release|Any CPU.Build.0 = Release|Any CPU
		{AE6DA479-13B8-4FAF-BA84-80E4BF6C9E07}.Debug|Any CPU.ActiveCfg = Debug|Any CPU
		{AE6DA479-13B8-4FAF-BA84-80E4BF6C9E07}.Debug|Any CPU.Build.0 = Debug|Any CPU
		{AE6DA479-13B8-4FAF-BA84-80E4BF6C9E07}.Release|Any CPU.ActiveCfg = Release|Any CPU
		{AE6DA479-13B8-4FAF-BA84-80E4BF6C9E07}.Release|Any CPU.Build.0 = Release|Any CPU
		{A8BEB631-B38C-4312-88C0-287BEFAF09F1}.Debug|Any CPU.ActiveCfg = Debug|Any CPU
		{A8BEB631-B38C-4312-88C0-287BEFAF09F1}.Debug|Any CPU.Build.0 = Debug|Any CPU
		{A8BEB631-B38C-4312-88C0-287BEFAF09F1}.Release|Any CPU.ActiveCfg = Release|Any CPU
		{A8BEB631-B38C-4312-88C0-287BEFAF09F1}.Release|Any CPU.Build.0 = Release|Any CPU
		{31613691-CC03-453B-B337-4920F75982C5}.Debug|Any CPU.ActiveCfg = Debug|Any CPU
		{31613691-CC03-453B-B337-4920F75982C5}.Debug|Any CPU.Build.0 = Debug|Any CPU
		{31613691-CC03-453B-B337-4920F75982C5}.Release|Any CPU.ActiveCfg = Release|Any CPU
		{31613691-CC03-453B-B337-4920F75982C5}.Release|Any CPU.Build.0 = Release|Any CPU
		{D8F33EAE-3976-4D88-8CCA-FAFBEEF3558D}.Debug|Any CPU.ActiveCfg = Debug|Any CPU
		{D8F33EAE-3976-4D88-8CCA-FAFBEEF3558D}.Debug|Any CPU.Build.0 = Debug|Any CPU
		{D8F33EAE-3976-4D88-8CCA-FAFBEEF3558D}.Release|Any CPU.ActiveCfg = Release|Any CPU
		{D8F33EAE-3976-4D88-8CCA-FAFBEEF3558D}.Release|Any CPU.Build.0 = Release|Any CPU
		{C8720914-62DB-4503-8B89-0F797A108FB1}.Debug|Any CPU.ActiveCfg = Debug|Any CPU
		{C8720914-62DB-4503-8B89-0F797A108FB1}.Debug|Any CPU.Build.0 = Debug|Any CPU
		{C8720914-62DB-4503-8B89-0F797A108FB1}.Release|Any CPU.ActiveCfg = Release|Any CPU
		{C8720914-62DB-4503-8B89-0F797A108FB1}.Release|Any CPU.Build.0 = Release|Any CPU
		{B6FFC187-B39C-46A6-833C-3ED3750B5C49}.Debug|Any CPU.ActiveCfg = Debug|Any CPU
		{B6FFC187-B39C-46A6-833C-3ED3750B5C49}.Debug|Any CPU.Build.0 = Debug|Any CPU
		{B6FFC187-B39C-46A6-833C-3ED3750B5C49}.Release|Any CPU.ActiveCfg = Release|Any CPU
		{B6FFC187-B39C-46A6-833C-3ED3750B5C49}.Release|Any CPU.Build.0 = Release|Any CPU
		{16C7BF87-D9D3-47A9-94E3-0CAF43CF02CD}.Debug|Any CPU.ActiveCfg = Debug|Any CPU
		{16C7BF87-D9D3-47A9-94E3-0CAF43CF02CD}.Debug|Any CPU.Build.0 = Debug|Any CPU
		{16C7BF87-D9D3-47A9-94E3-0CAF43CF02CD}.Release|Any CPU.ActiveCfg = Release|Any CPU
		{16C7BF87-D9D3-47A9-94E3-0CAF43CF02CD}.Release|Any CPU.Build.0 = Release|Any CPU
	EndGlobalSection
	GlobalSection(SolutionProperties) = preSolution
		HideSolutionNode = FALSE
	EndGlobalSection
	GlobalSection(NestedProjects) = preSolution
		{4F4D4E59-218C-47FC-B6CB-4D06F20CCDC1} = {8A0DD9D9-B78A-4996-92DE-395B2E6E27C8}
		{44F9553A-4FFA-4B63-970D-DFE56DD6AAFD} = {8A0DD9D9-B78A-4996-92DE-395B2E6E27C8}
		{6680E00D-0E32-402F-9A40-B504C8CA72B8} = {8A0DD9D9-B78A-4996-92DE-395B2E6E27C8}
		{AE6DA479-13B8-4FAF-BA84-80E4BF6C9E07} = {8A0DD9D9-B78A-4996-92DE-395B2E6E27C8}
		{A8BEB631-B38C-4312-88C0-287BEFAF09F1} = {8A0DD9D9-B78A-4996-92DE-395B2E6E27C8}
		{D87D4AD8-73F4-41F3-80AA-C3A171CE86E5} = {E60CD521-620D-4B36-AC57-733AA29B8E6E}
		{D743144D-5C62-410E-B945-B5A4D0E3417F} = {E60CD521-620D-4B36-AC57-733AA29B8E6E}
		{93969F95-FAED-4BEE-8710-6875250C1258} = {E60CD521-620D-4B36-AC57-733AA29B8E6E}
		{1F7F77E8-BDE9-4E62-B607-A97BB8BD4259} = {E60CD521-620D-4B36-AC57-733AA29B8E6E}
		{D324FDF9-75C3-4BB8-8E2E-8A6406098433} = {E60CD521-620D-4B36-AC57-733AA29B8E6E}
		{31613691-CC03-453B-B337-4920F75982C5} = {D87D4AD8-73F4-41F3-80AA-C3A171CE86E5}
		{D8F33EAE-3976-4D88-8CCA-FAFBEEF3558D} = {D87D4AD8-73F4-41F3-80AA-C3A171CE86E5}
		{C8720914-62DB-4503-8B89-0F797A108FB1} = {D87D4AD8-73F4-41F3-80AA-C3A171CE86E5}
		{B6FFC187-B39C-46A6-833C-3ED3750B5C49} = {D87D4AD8-73F4-41F3-80AA-C3A171CE86E5}
		{16C7BF87-D9D3-47A9-94E3-0CAF43CF02CD} = {E60CD521-620D-4B36-AC57-733AA29B8E6E}
	EndGlobalSection
	GlobalSection(ExtensibilityGlobals) = postSolution
		SolutionGuid = {69316AD6-75B6-4691-AE36-470FD5F0C495}
	EndGlobalSection
EndGlobal
